
Microsoft Visual Studio Solution File, Format Version 12.00
Project("{FAE04EC0-301F-11D3-BF4B-00C04F79EFBC}") = "TaskManager.Tests", "TaskManager.Tests\TaskManager.Tests.csproj", "{6FD2E2A0-4111-45DD-B1DF-ECCFFB4444D0}"
EndProject
Project("{FAE04EC0-301F-11D3-BF4B-00C04F79EFBC}") = "TaskManager.Core", "TaskManager.Core\TaskManager.Core.csproj", "{A585020D-AF6D-4842-B4A1-37AD2E4DD45A}"
EndProject
Project("{FAE04EC0-301F-11D3-BF4B-00C04F79EFBC}") = "TaskManager.Api", "TaskManager.Api\TaskManager.Api.csproj", "{46C044D8-793A-429B-A0BE-8EA46932189F}"
EndProject
Global
	GlobalSection(SolutionConfigurationPlatforms) = preSolution
		Debug|Any CPU = Debug|Any CPU
		Release|Any CPU = Release|Any CPU
	EndGlobalSection
	GlobalSection(ProjectConfigurationPlatforms) = postSolution
		{6FD2E2A0-4111-45DD-B1DF-ECCFFB4444D0}.Debug|Any CPU.ActiveCfg = Debug|Any CPU
		{6FD2E2A0-4111-45DD-B1DF-ECCFFB4444D0}.Debug|Any CPU.Build.0 = Debug|Any CPU
		{6FD2E2A0-4111-45DD-B1DF-ECCFFB4444D0}.Release|Any CPU.ActiveCfg = Release|Any CPU
		{6FD2E2A0-4111-45DD-B1DF-ECCFFB4444D0}.Release|Any CPU.Build.0 = Release|Any CPU
		{A585020D-AF6D-4842-B4A1-37AD2E4DD45A}.Debug|Any CPU.ActiveCfg = Debug|Any CPU
		{A585020D-AF6D-4842-B4A1-37AD2E4DD45A}.Debug|Any CPU.Build.0 = Debug|Any CPU
		{A585020D-AF6D-4842-B4A1-37AD2E4DD45A}.Release|Any CPU.ActiveCfg = Release|Any CPU
		{A585020D-AF6D-4842-B4A1-37AD2E4DD45A}.Release|Any CPU.Build.0 = Release|Any CPU
		{46C044D8-793A-429B-A0BE-8EA46932189F}.Debug|Any CPU.ActiveCfg = Debug|Any CPU
		{46C044D8-793A-429B-A0BE-8EA46932189F}.Debug|Any CPU.Build.0 = Debug|Any CPU
		{46C044D8-793A-429B-A0BE-8EA46932189F}.Release|Any CPU.ActiveCfg = Release|Any CPU
		{46C044D8-793A-429B-A0BE-8EA46932189F}.Release|Any CPU.Build.0 = Release|Any CPU
	EndGlobalSection
EndGlobal
